
Microsoft Visual Studio Solution File, Format Version 12.00
# Visual Studio 2012
Project("{FAE04EC0-301F-11D3-BF4B-00C04F79EFBC}") = "GettingUpTool", "GettingUpTool.csproj", "{4CDB5E5D-EA7E-4890-8D79-0037B9504776}"
EndProject
Global
	GlobalSection(SolutionConfigurationPlatforms) = preSolution
		Debug|Any CPU = Debug|Any CPU
		Release|Any CPU = Release|Any CPU
	EndGlobalSection
	GlobalSection(ProjectConfigurationPlatforms) = postSolution
		{4CDB5E5D-EA7E-4890-8D79-0037B9504776}.Debug|Any CPU.ActiveCfg = Debug|Any CPU
		{4CDB5E5D-EA7E-4890-8D79-0037B9504776}.Debug|Any CPU.Build.0 = Debug|Any CPU
		{4CDB5E5D-EA7E-4890-8D79-0037B9504776}.Release|Any CPU.ActiveCfg = Release|Any CPU
		{4CDB5E5D-EA7E-4890-8D79-0037B9504776}.Release|Any CPU.Build.0 = Release|Any CPU
	EndGlobalSection
	GlobalSection(SolutionProperties) = preSolution
		HideSolutionNode = FALSE
	EndGlobalSection
EndGlobal
